Microsoft Visual Studio Solution File, Format Version 12.00
# Visual Studio Version 17
VisualStudioVersion = 17.5.2.0
MinimumVisualStudioVersion = 10.0.40219.1
Project("{FAE04EC0-301F-11D3-BF4B-00C04F79EFBC}") = "D365PluginProject", "D365PluginProject\D365PluginProject.csproj", "{2F74506E-34B9-5680-3A2A-7576C063948C}"
EndProject
Project("{2150E333-8FDC-42A3-9474-1A3956D46DE8}") = "D365PluginProject (1)", "D365PluginProject (1)", "{E597AC75-59DE-D79E-B375-61CEE540F030}"
EndProject
Project("{2150E333-8FDC-42A3-9474-1A3956D46DE8}") = "Tests", "Tests", "{6583C26B-15E2-F0F3-C290-E3E35A3BA40A}"
EndProject
Project("{FAE04EC0-301F-11D3-BF4B-00C04F79EFBC}") = "D365PluginProject.Tests", "D365PluginProject\Tests\D365PluginProject.Tests.csproj", "{51475102-F026-4AB3-DA9D-C139E94F9EB6}"
EndProject
Global
	GlobalSection(SolutionConfigurationPlatforms) = preSolution
		Debug|Any CPU = Debug|Any CPU
		Release|Any CPU = Release|Any CPU
	EndGlobalSection
	GlobalSection(ProjectConfigurationPlatforms) = postSolution
		{2F74506E-34B9-5680-3A2A-7576C063948C}.Debug|Any CPU.ActiveCfg = Debug|Any CPU
		{2F74506E-34B9-5680-3A2A-7576C063948C}.Debug|Any CPU.Build.0 = Debug|Any CPU
		{2F74506E-34B9-5680-3A2A-7576C063948C}.Release|Any CPU.ActiveCfg = Release|Any CPU
		{2F74506E-34B9-5680-3A2A-7576C063948C}.Release|Any CPU.Build.0 = Release|Any CPU
		{51475102-F026-4AB3-DA9D-C139E94F9EB6}.Debug|Any CPU.ActiveCfg = Debug|Any CPU
		{51475102-F026-4AB3-DA9D-C139E94F9EB6}.Debug|Any CPU.Build.0 = Debug|Any CPU
		{51475102-F026-4AB3-DA9D-C139E94F9EB6}.Release|Any CPU.ActiveCfg = Release|Any CPU
		{51475102-F026-4AB3-DA9D-C139E94F9EB6}.Release|Any CPU.Build.0 = Release|Any CPU
	EndGlobalSection
	GlobalSection(SolutionProperties) = preSolution
		HideSolutionNode = FALSE
	EndGlobalSection
	GlobalSection(NestedProjects) = preSolution
		{6583C26B-15E2-F0F3-C290-E3E35A3BA40A} = {E597AC75-59DE-D79E-B375-61CEE540F030}
		{51475102-F026-4AB3-DA9D-C139E94F9EB6} = {6583C26B-15E2-F0F3-C290-E3E35A3BA40A}
	EndGlobalSection
	GlobalSection(ExtensibilityGlobals) = postSolution
		SolutionGuid = {37CA7FFC-4568-45C0-8471-2411E55A7866}
	EndGlobalSection
EndGlobal
